{
    "_readme": [
        "This file locks the dependencies of your project to a known state",
        "Read more about it at https://getcomposer.org/doc/01-basic-usage.md#installing-dependencies",
        "This file is @generated automatically"
    ],
    "content-hash": "19512e097932a150b6ccc5f8044c62ed",
    "packages": [
        {
            "name": "thetnb/wp-setting-api",
            "version": "2.0.2",
            "source": {
                "type": "git",
                "url": "https://github.com/TheTNB/wp-setting-api.git",
                "reference": "0e34224dfe0832fd3bf29e2e3c054a2aad603f84"
            },
            "dist": {
                "type": "zip",
                "url": "https://api.github.com/repos/TheTNB/wp-setting-api/zipball/0e34224dfe0832fd3bf29e2e3c054a2aad603f84",
                "reference": "0e34224dfe0832fd3bf29e2e3c054a2aad603f84",
                "shasum": ""
            },
            "require": {
                "php": ">=5.6"
            },
            "type": "library",
            "autoload": {
                "psr-4": {
                    "TheTNB\\Setting\\": "src/"
                }
            },
            "notification-url": "https://packagist.org/downloads/",
            "license": [
                "GPL-3.0-or-later"
            ],
            "authors": [
                {
                    "name": "耗子",
                    "email": "i@haozi.net"
                }
            ],
            "description": "WordPress Setting API for developers",
            "homepage": "https://github.com/thetnb/wp-setting-api",
            "keywords": [
                "wordpress"
            ],
            "support": {
                "issues": "https://github.com/TheTNB/wp-setting-api/issues",
                "source": "https://github.com/TheTNB/wp-setting-api/tree/2.0.2"
            },
            "time": "2024-03-08T07:11:27+00:00"
        },
        {
            "name": "yahnis-elsts/plugin-update-checker",
            "version": "v5.4",
            "source": {
                "type": "git",
                "url": "https://github.com/YahnisElsts/plugin-update-checker.git",
                "reference": "e8e53e6d98e37fa7c895c93417f52e3775494715"
            },
            "dist": {
                "type": "zip",
                "url": "https://api.github.com/repos/YahnisElsts/plugin-update-checker/zipball/e8e53e6d98e37fa7c895c93417f52e3775494715",
                "reference": "e8e53e6d98e37fa7c895c93417f52e3775494715",
                "shasum": ""
            },
            "require": {
                "ext-json": "*",
                "php": ">=5.6.20"
            },
            "type": "library",
            "autoload": {
                "files": [
                    "load-v5p4.php"
                ]
            },
            "notification-url": "https://packagist.org/downloads/",
            "license": [
                "MIT"
            ],
            "authors": [
                {
                    "name": "Yahnis Elsts",
                    "email": "whiteshadow@w-shadow.com",
                    "homepage": "https://w-shadow.com/",
                    "role": "Developer"
                }
            ],
            "description": "A custom update checker for WordPress plugins and themes. Useful if you can't host your plugin in the official WP repository but still want it to support automatic updates.",
            "homepage": "https://github.com/YahnisElsts/plugin-update-checker/",
            "keywords": [
                "automatic updates",
                "plugin updates",
                "theme updates",
                "wordpress"
            ],
            "support": {
                "issues": "https://github.com/YahnisElsts/plugin-update-checker/issues",
                "source": "https://github.com/YahnisElsts/plugin-update-checker/tree/v5.4"
            },
            "time": "2024-02-24T09:56:49+00:00"
        }
    ],
    "packages-dev": [],
    "aliases": [],
    "minimum-stability": "stable",
    "stability-flags": [],
    "prefer-stable": false,
    "prefer-lowest": false,
    "platform": [],
    "platform-dev": [],
    "plugin-api-version": "2.6.0"
}
